
Microsoft Visual Studio Solution File, Format Version 12.00
# Visual Studio Version 16
VisualStudioVersion = 16.0.29613.14
MinimumVisualStudioVersion = 10.0.40219.1
Project("{9A19103F-16F7-4668-BE54-9A1E7A4F7556}") = "AzureFunctionsOpenIDConnectAuthSample", "HttpFunctionAppAuth0Play\AzureFunctionsOpenIDConnectAuthSample.csproj", "{BF2E4F94-79E5-4782-A2EA-7FB82A6776FA}"
EndProject
Project("{2150E333-8FDC-42A3-9474-1A3956D46DE8}") = "Solution Items", "Solution Items", "{8CE3C1A0-ED50-406D-AF16-1F95DD4271C3}"
	ProjectSection(SolutionItems) = preProject
		.editorconfig = .editorconfig
		.gitignore = .gitignore
		LICENSE = LICENSE
		README.md = README.md
	EndProjectSection
EndProject
Global
	GlobalSection(SolutionConfigurationPlatforms) = preSolution
		Debug|Any CPU = Debug|Any CPU
		Release|Any CPU = Release|Any CPU
	EndGlobalSection
	GlobalSection(ProjectConfigurationPlatforms) = postSolution
		{BF2E4F94-79E5-4782-A2EA-7FB82A6776FA}.Debug|Any CPU.ActiveCfg = Debug|Any CPU
		{BF2E4F94-79E5-4782-A2EA-7FB82A6776FA}.Debug|Any CPU.Build.0 = Debug|Any CPU
		{BF2E4F94-79E5-4782-A2EA-7FB82A6776FA}.Release|Any CPU.ActiveCfg = Release|Any CPU
		{BF2E4F94-79E5-4782-A2EA-7FB82A6776FA}.Release|Any CPU.Build.0 = Release|Any CPU
	EndGlobalSection
	GlobalSection(SolutionProperties) = preSolution
		HideSolutionNode = FALSE
	EndGlobalSection
	GlobalSection(ExtensibilityGlobals) = postSolution
		SolutionGuid = {C2EF6A4C-C2DA-4CC5-B493-7AF06AA6AFD7}
	EndGlobalSection
EndGlobal
